// !$*UTF8*$!
{
	archiveVersion = 1;
	classes = {
	};
	objectVersion = 77;
	objects = {

/* Begin PBXBuildFile section */
		DF3742832CEDC67800AE561A /* Common in Frameworks */ = {isa = PBXBuildFile; productRef = DF3742822CEDC67800AE561A /* Common */; };
		DF3742862CEDC68500AE561A /* TelegramAdapter in Frameworks */ = {isa = PBXBuildFile; productRef = DF3742852CEDC68500AE561A /* TelegramAdapter */; };
		DFAEA5FF2CEE3353004AB935 /* AnyCodable in Frameworks */ = {isa = PBXBuildFile; productRef = DFAEA5FE2CEE3353004AB935 /* AnyCodable */; };
/* End PBXBuildFile section */

/* Begin PBXContainerItemProxy section */
		DFB14AAD2CEC434B00B3A43B /* PBXContainerItemProxy */ = {
			isa = PBXContainerItemProxy;
			containerPortal = DFB14A932CEC434A00B3A43B /* Project object */;
			proxyType = 1;
			remoteGlobalIDString = DFB14A9A2CEC434A00B3A43B;
			remoteInfo = "rxlab-toolbox";
		};
		DFB14AB72CEC434B00B3A43B /* PBXContainerItemProxy */ = {
			isa = PBXContainerItemProxy;
			containerPortal = DFB14A932CEC434A00B3A43B /* Project object */;
			proxyType = 1;
			remoteGlobalIDString = DFB14A9A2CEC434A00B3A43B;
			remoteInfo = "rxlab-toolbox";
		};
/* End PBXContainerItemProxy section */

/* Begin PBXFileReference section */
		DF176F662CEDAFDA00AB06BF /* TelegramAdapter */ = {isa = PBXFileReference; lastKnownFileType = wrapper; name = TelegramAdapter; path = packages/TelegramAdapter; sourceTree = "<group>"; };
		DF635DE62CEDB8F9003B6463 /* Common */ = {isa = PBXFileReference; lastKnownFileType = wrapper; name = Common; path = packages/Common; sourceTree = "<group>"; };
		DFAEA66A2CF1D19D004AB935 /* TestKit */ = {isa = PBXFileReference; lastKnownFileType = wrapper; name = TestKit; path = packages/TestKit; sourceTree = "<group>"; };
		DFB14A9B2CEC434A00B3A43B /* rxlab-toolbox.app */ = {isa = PBXFileReference; explicitFileType = wrapper.application; includeInIndex = 0; path = "rxlab-toolbox.app"; sourceTree = BUILT_PRODUCTS_DIR; };
		DFB14AAC2CEC434B00B3A43B /* rxlab-toolboxTests.xctest */ = {isa = PBXFileReference; explicitFileType = wrapper.cfbundle; includeInIndex = 0; path = "rxlab-toolboxTests.xctest"; sourceTree = BUILT_PRODUCTS_DIR; };
		DFB14AB62CEC434B00B3A43B /* rxlab-toolboxUITests.xctest */ = {isa = PBXFileReference; explicitFileType = wrapper.cfbundle; includeInIndex = 0; path = "rxlab-toolboxUITests.xctest"; sourceTree = BUILT_PRODUCTS_DIR; };
/* End PBXFileReference section */

/* Begin PBXFileSystemSynchronizedBuildFileExceptionSet section */
		DFB14B4B2CEC6E3300B3A43B /* Exceptions for "rxlab-toolbox" folder in "rxlab-toolbox" target */ = {
			isa = PBXFileSystemSynchronizedBuildFileExceptionSet;
			membershipExceptions = (
				Info.plist,
			);
			target = DFB14A9A2CEC434A00B3A43B /* rxlab-toolbox */;
		};
/* End PBXFileSystemSynchronizedBuildFileExceptionSet section */

/* Begin PBXFileSystemSynchronizedRootGroup section */
		DFB14A9D2CEC434A00B3A43B /* rxlab-toolbox */ = {
			isa = PBXFileSystemSynchronizedRootGroup;
			exceptions = (
				DFB14B4B2CEC6E3300B3A43B /* Exceptions for "rxlab-toolbox" folder in "rxlab-toolbox" target */,
			);
			path = "rxlab-toolbox";
			sourceTree = "<group>";
		};
		DFB14AAF2CEC434B00B3A43B /* rxlab-toolboxTests */ = {
			isa = PBXFileSystemSynchronizedRootGroup;
			path = "rxlab-toolboxTests";
			sourceTree = "<group>";
		};
		DFB14AB92CEC434B00B3A43B /* rxlab-toolboxUITests */ = {
			isa = PBXFileSystemSynchronizedRootGroup;
			path = "rxlab-toolboxUITests";
			sourceTree = "<group>";
		};
/* End PBXFileSystemSynchronizedRootGroup section */

/* Begin PBXFrameworksBuildPhase section */
		DFB14A982CEC434A00B3A43B /* Frameworks */ = {
			isa = PBXFrameworksBuildPhase;
			buildActionMask = 2147483647;
			files = (
				DF3742832CEDC67800AE561A /* Common in Frameworks */,
				DFAEA5FF2CEE3353004AB935 /* AnyCodable in Frameworks */,
				DF3742862CEDC68500AE561A /* TelegramAdapter in Frameworks */,
			);
			runOnlyForDeploymentPostprocessing = 0;
		};
		DFB14AA92CEC434B00B3A43B /* Frameworks */ = {
			isa = PBXFrameworksBuildPhase;
			buildActionMask = 2147483647;
			files = (
			);
			runOnlyForDeploymentPostprocessing = 0;
		};
		DFB14AB32CEC434B00B3A43B /* Frameworks */ = {
			isa = PBXFrameworksBuildPhase;
			buildActionMask = 2147483647;
			files = (
			);
			runOnlyForDeploymentPostprocessing = 0;
		};
/* End PBXFrameworksBuildPhase section */

/* Begin PBXGroup section */
		DFB14A922CEC434A00B3A43B = {
			isa = PBXGroup;
			children = (
				DFAEA66A2CF1D19D004AB935 /* TestKit */,
				DF635DE62CEDB8F9003B6463 /* Common */,
				DF176F662CEDAFDA00AB06BF /* TelegramAdapter */,
				DFB14A9D2CEC434A00B3A43B /* rxlab-toolbox */,
				DFB14AAF2CEC434B00B3A43B /* rxlab-toolboxTests */,
				DFB14AB92CEC434B00B3A43B /* rxlab-toolboxUITests */,
				DFB14A9C2CEC434A00B3A43B /* Products */,
			);
			sourceTree = "<group>";
		};
		DFB14A9C2CEC434A00B3A43B /* Products */ = {
			isa = PBXGroup;
			children = (
				DFB14A9B2CEC434A00B3A43B /* rxlab-toolbox.app */,
				DFB14AAC2CEC434B00B3A43B /* rxlab-toolboxTests.xctest */,
				DFB14AB62CEC434B00B3A43B /* rxlab-toolboxUITests.xctest */,
			);
			name = Products;
			sourceTree = "<group>";
		};
/* End PBXGroup section */

/* Begin PBXNativeTarget section */
		DFB14A9A2CEC434A00B3A43B /* rxlab-toolbox */ = {
			isa = PBXNativeTarget;
			buildConfigurationList = DFB14AC02CEC434B00B3A43B /* Build configuration list for PBXNativeTarget "rxlab-toolbox" */;
			buildPhases = (
				DFB14A972CEC434A00B3A43B /* Sources */,
				DFB14A982CEC434A00B3A43B /* Frameworks */,
				DFB14A992CEC434A00B3A43B /* Resources */,
			);
			buildRules = (
			);
			dependencies = (
			);
			fileSystemSynchronizedGroups = (
				DFB14A9D2CEC434A00B3A43B /* rxlab-toolbox */,
			);
			name = "rxlab-toolbox";
			packageProductDependencies = (
				DF3742822CEDC67800AE561A /* Common */,
				DF3742852CEDC68500AE561A /* TelegramAdapter */,
				DFAEA5FE2CEE3353004AB935 /* AnyCodable */,
			);
			productName = "rxlab-toolbox";
			productReference = DFB14A9B2CEC434A00B3A43B /* rxlab-toolbox.app */;
			productType = "com.apple.product-type.application";
		};
		DFB14AAB2CEC434B00B3A43B /* rxlab-toolboxTests */ = {
			isa = PBXNativeTarget;
			buildConfigurationList = DFB14AC32CEC434B00B3A43B /* Build configuration list for PBXNativeTarget "rxlab-toolboxTests" */;
			buildPhases = (
				DFB14AA82CEC434B00B3A43B /* Sources */,
				DFB14AA92CEC434B00B3A43B /* Frameworks */,
				DFB14AAA2CEC434B00B3A43B /* Resources */,
			);
			buildRules = (
			);
			dependencies = (
				DFB14AAE2CEC434B00B3A43B /* PBXTargetDependency */,
			);
			fileSystemSynchronizedGroups = (
				DFB14AAF2CEC434B00B3A43B /* rxlab-toolboxTests */,
			);
			name = "rxlab-toolboxTests";
			packageProductDependencies = (
			);
			productName = "rxlab-toolboxTests";
			productReference = DFB14AAC2CEC434B00B3A43B /* rxlab-toolboxTests.xctest */;
			productType = "com.apple.product-type.bundle.unit-test";
		};
		DFB14AB52CEC434B00B3A43B /* rxlab-toolboxUITests */ = {
			isa = PBXNativeTarget;
			buildConfigurationList = DFB14AC62CEC434B00B3A43B /* Build configuration list for PBXNativeTarget "rxlab-toolboxUITests" */;
			buildPhases = (
				DFB14AB22CEC434B00B3A43B /* Sources */,
				DFB14AB32CEC434B00B3A43B /* Frameworks */,
				DFB14AB42CEC434B00B3A43B /* Resources */,
			);
			buildRules = (
			);
			dependencies = (
				DFB14AB82CEC434B00B3A43B /* PBXTargetDependency */,
			);
			fileSystemSynchronizedGroups = (
				DFB14AB92CEC434B00B3A43B /* rxlab-toolboxUITests */,
			);
			name = "rxlab-toolboxUITests";
			packageProductDependencies = (
			);
			productName = "rxlab-toolboxUITests";
			productReference = DFB14AB62CEC434B00B3A43B /* rxlab-toolboxUITests.xctest */;
			productType = "com.apple.product-type.bundle.ui-testing";
		};
/* End PBXNativeTarget section */

/* Begin PBXProject section */
		DFB14A932CEC434A00B3A43B /* Project object */ = {
			isa = PBXProject;
			attributes = {
				BuildIndependentTargetsInParallel = 1;
				LastSwiftUpdateCheck = 1610;
				LastUpgradeCheck = 1610;
				TargetAttributes = {
					DFB14A9A2CEC434A00B3A43B = {
						CreatedOnToolsVersion = 16.1;
					};
					DFB14AAB2CEC434B00B3A43B = {
						CreatedOnToolsVersion = 16.1;
						TestTargetID = DFB14A9A2CEC434A00B3A43B;
					};
					DFB14AB52CEC434B00B3A43B = {
						CreatedOnToolsVersion = 16.1;
						TestTargetID = DFB14A9A2CEC434A00B3A43B;
					};
				};
			};
			buildConfigurationList = DFB14A962CEC434A00B3A43B /* Build configuration list for PBXProject "rxlab-toolbox" */;
			developmentRegion = en;
			hasScannedForEncodings = 0;
			knownRegions = (
				en,
				Base,
				"zh-Hans",
			);
			mainGroup = DFB14A922CEC434A00B3A43B;
			minimizedProjectReferenceProxies = 1;
			packageReferences = (
				DF3742812CEDC67800AE561A /* XCLocalSwiftPackageReference "packages/Common" */,
				DF3742842CEDC68500AE561A /* XCLocalSwiftPackageReference "packages/TelegramAdapter" */,
				DFAEA5FD2CEE3353004AB935 /* XCRemoteSwiftPackageReference "anycodable" */,
			);
			preferredProjectObjectVersion = 77;
			productRefGroup = DFB14A9C2CEC434A00B3A43B /* Products */;
			projectDirPath = "";
			projectRoot = "";
			targets = (
				DFB14A9A2CEC434A00B3A43B /* rxlab-toolbox */,
				DFB14AAB2CEC434B00B3A43B /* rxlab-toolboxTests */,
				DFB14AB52CEC434B00B3A43B /* rxlab-toolboxUITests */,
			);
		};
/* End PBXProject section */

/* Begin PBXResourcesBuildPhase section */
		DFB14A992CEC434A00B3A43B /* Resources */ = {
			isa = PBXResourcesBuildPhase;
			buildActionMask = 2147483647;
			files = (
			);
			runOnlyForDeploymentPostprocessing = 0;
		};
		DFB14AAA2CEC434B00B3A43B /* Resources */ = {
			isa = PBXResourcesBuildPhase;
			buildActionMask = 2147483647;
			files = (
			);
			runOnlyForDeploymentPostprocessing = 0;
		};
		DFB14AB42CEC434B00B3A43B /* Resources */ = {
			isa = PBXResourcesBuildPhase;
			buildActionMask = 2147483647;
			files = (
			);
			runOnlyForDeploymentPostprocessing = 0;
		};
/* End PBXResourcesBuildPhase section */

/* Begin PBXSourcesBuildPhase section */
		DFB14A972CEC434A00B3A43B /* Sources */ = {
			isa = PBXSourcesBuildPhase;
			buildActionMask = 2147483647;
			files = (
			);
			runOnlyForDeploymentPostprocessing = 0;
		};
		DFB14AA82CEC434B00B3A43B /* Sources */ = {
			isa = PBXSourcesBuildPhase;
			buildActionMask = 2147483647;
			files = (
			);
			runOnlyForDeploymentPostprocessing = 0;
		};
		DFB14AB22CEC434B00B3A43B /* Sources */ = {
			isa = PBXSourcesBuildPhase;
			buildActionMask = 2147483647;
			files = (
			);
			runOnlyForDeploymentPostprocessing = 0;
		};
/* End PBXSourcesBuildPhase section */

/* Begin PBXTargetDependency section */
		DFB14AAE2CEC434B00B3A43B /* PBXTargetDependency */ = {
			isa = PBXTargetDependency;
			target = DFB14A9A2CEC434A00B3A43B /* rxlab-toolbox */;
			targetProxy = DFB14AAD2CEC434B00B3A43B /* PBXContainerItemProxy */;
		};
		DFB14AB82CEC434B00B3A43B /* PBXTargetDependency */ = {
			isa = PBXTargetDependency;
			target = DFB14A9A2CEC434A00B3A43B /* rxlab-toolbox */;
			targetProxy = DFB14AB72CEC434B00B3A43B /* PBXContainerItemProxy */;
		};
/* End PBXTargetDependency section */

/* Begin XCBuildConfiguration section */
		DFB14ABE2CEC434B00B3A43B /* Debug */ = {
			isa = XCBuildConfiguration;
			buildSettings = {
				ALWAYS_SEARCH_USER_PATHS = NO;
				ASSETCATALOG_COMPILER_GENERATE_SWIFT_ASSET_SYMBOL_EXTENSIONS = YES;
				CLANG_ANALYZER_NONNULL = YES;
				CLANG_ANALYZER_NUMBER_OBJECT_CONVERSION = YES_AGGRESSIVE;
				CLANG_CXX_LANGUAGE_STANDARD = "gnu++20";
				CLANG_ENABLE_MODULES = YES;
				CLANG_ENABLE_OBJC_ARC = YES;
				CLANG_ENABLE_OBJC_WEAK = YES;
				CLANG_WARN_BLOCK_CAPTURE_AUTORELEASING = YES;
				CLANG_WARN_BOOL_CONVERSION = YES;
				CLANG_WARN_COMMA = YES;
				CLANG_WARN_CONSTANT_CONVERSION = YES;
				CLANG_WARN_DEPRECATED_OBJC_IMPLEMENTATIONS = YES;
				CLANG_WARN_DIRECT_OBJC_ISA_USAGE = YES_ERROR;
				CLANG_WARN_DOCUMENTATION_COMMENTS = YES;
				CLANG_WARN_EMPTY_BODY = YES;
				CLANG_WARN_ENUM_CONVERSION = YES;
				CLANG_WARN_INFINITE_RECURSION = YES;
				CLANG_WARN_INT_CONVERSION = YES;
				CLANG_WARN_NON_LITERAL_NULL_CONVERSION = YES;
				CLANG_WARN_OBJC_IMPLICIT_RETAIN_SELF = YES;
				CLANG_WARN_OBJC_LITERAL_CONVERSION = YES;
				CLANG_WARN_OBJC_ROOT_CLASS = YES_ERROR;
				CLANG_WARN_QUOTED_INCLUDE_IN_FRAMEWORK_HEADER = YES;
				CLANG_WARN_RANGE_LOOP_ANALYSIS = YES;
				CLANG_WARN_STRICT_PROTOTYPES = YES;
				CLANG_WARN_SUSPICIOUS_MOVE = YES;
				CLANG_WARN_UNGUARDED_AVAILABILITY = YES_AGGRESSIVE;
				CLANG_WARN_UNREACHABLE_CODE = YES;
				CLANG_WARN__DUPLICATE_METHOD_MATCH = YES;
				COPY_PHASE_STRIP = NO;
				DEBUG_INFORMATION_FORMAT = dwarf;
				ENABLE_STRICT_OBJC_MSGSEND = YES;
				ENABLE_TESTABILITY = YES;
				ENABLE_USER_SCRIPT_SANDBOXING = YES;
				GCC_C_LANGUAGE_STANDARD = gnu17;
				GCC_DYNAMIC_NO_PIC = NO;
				GCC_NO_COMMON_BLOCKS = YES;
				GCC_OPTIMIZATION_LEVEL = 0;
				GCC_PREPROCESSOR_DEFINITIONS = (
					"DEBUG=1",
					"$(inherited)",
				);
				GCC_WARN_64_TO_32_BIT_CONVERSION = YES;
				GCC_WARN_ABOUT_RETURN_TYPE = YES_ERROR;
				GCC_WARN_UNDECLARED_SELECTOR = YES;
				GCC_WARN_UNINITIALIZED_AUTOS = YES_AGGRESSIVE;
				GCC_WARN_UNUSED_FUNCTION = YES;
				GCC_WARN_UNUSED_VARIABLE = YES;
				LOCALIZATION_PREFERS_STRING_CATALOGS = YES;
				MACOSX_DEPLOYMENT_TARGET = 15.1;
				MTL_ENABLE_DEBUG_INFO = INCLUDE_SOURCE;
				MTL_FAST_MATH = YES;
				ONLY_ACTIVE_ARCH = YES;
				SDKROOT = macosx;
				SWIFT_ACTIVE_COMPILATION_CONDITIONS = "DEBUG $(inherited)";
				SWIFT_OPTIMIZATION_LEVEL = "-Onone";
			};
			name = Debug;
		};
		DFB14ABF2CEC434B00B3A43B /* Release */ = {
			isa = XCBuildConfiguration;
			buildSettings = {
				ALWAYS_SEARCH_USER_PATHS = NO;
				ASSETCATALOG_COMPILER_GENERATE_SWIFT_ASSET_SYMBOL_EXTENSIONS = YES;
				CLANG_ANALYZER_NONNULL = YES;
				CLANG_ANALYZER_NUMBER_OBJECT_CONVERSION = YES_AGGRESSIVE;
				CLANG_CXX_LANGUAGE_STANDARD = "gnu++20";
				CLANG_ENABLE_MODULES = YES;
				CLANG_ENABLE_OBJC_ARC = YES;
				CLANG_ENABLE_OBJC_WEAK = YES;
				CLANG_WARN_BLOCK_CAPTURE_AUTORELEASING = YES;
				CLANG_WARN_BOOL_CONVERSION = YES;
				CLANG_WARN_COMMA = YES;
				CLANG_WARN_CONSTANT_CONVERSION = YES;
				CLANG_WARN_DEPRECATED_OBJC_IMPLEMENTATIONS = YES;
				CLANG_WARN_DIRECT_OBJC_ISA_USAGE = YES_ERROR;
				CLANG_WARN_DOCUMENTATION_COMMENTS = YES;
				CLANG_WARN_EMPTY_BODY = YES;
				CLANG_WARN_ENUM_CONVERSION = YES;
				CLANG_WARN_INFINITE_RECURSION = YES;
				CLANG_WARN_INT_CONVERSION = YES;
				CLANG_WARN_NON_LITERAL_NULL_CONVERSION = YES;
				CLANG_WARN_OBJC_IMPLICIT_RETAIN_SELF = YES;
				CLANG_WARN_OBJC_LITERAL_CONVERSION = YES;
				CLANG_WARN_OBJC_ROOT_CLASS = YES_ERROR;
				CLANG_WARN_QUOTED_INCLUDE_IN_FRAMEWORK_HEADER = YES;
				CLANG_WARN_RANGE_LOOP_ANALYSIS = YES;
				CLANG_WARN_STRICT_PROTOTYPES = YES;
				CLANG_WARN_SUSPICIOUS_MOVE = YES;
				CLANG_WARN_UNGUARDED_AVAILABILITY = YES_AGGRESSIVE;
				CLANG_WARN_UNREACHABLE_CODE = YES;
				CLANG_WARN__DUPLICATE_METHOD_MATCH = YES;
				COPY_PHASE_STRIP = NO;
				DEBUG_INFORMATION_FORMAT = "dwarf-with-dsym";
				ENABLE_NS_ASSERTIONS = NO;
				ENABLE_STRICT_OBJC_MSGSEND = YES;
				ENABLE_USER_SCRIPT_SANDBOXING = YES;
				GCC_C_LANGUAGE_STANDARD = gnu17;
				GCC_NO_COMMON_BLOCKS = YES;
				GCC_WARN_64_TO_32_BIT_CONVERSION = YES;
				GCC_WARN_ABOUT_RETURN_TYPE = YES_ERROR;
				GCC_WARN_UNDECLARED_SELECTOR = YES;
				GCC_WARN_UNINITIALIZED_AUTOS = YES_AGGRESSIVE;
				GCC_WARN_UNUSED_FUNCTION = YES;
				GCC_WARN_UNUSED_VARIABLE = YES;
				LOCALIZATION_PREFERS_STRING_CATALOGS = YES;
				MACOSX_DEPLOYMENT_TARGET = 15.1;
				MTL_ENABLE_DEBUG_INFO = NO;
				MTL_FAST_MATH = YES;
				SDKROOT = macosx;
				SWIFT_COMPILATION_MODE = wholemodule;
			};
			name = Release;
		};
		DFB14AC12CEC434B00B3A43B /* Debug */ = {
			isa = XCBuildConfiguration;
			buildSettings = {
				ASSETCATALOG_COMPILER_APPICON_NAME = AppIcon;
				ASSETCATALOG_COMPILER_GLOBAL_ACCENT_COLOR_NAME = AccentColor;
				CODE_SIGN_ENTITLEMENTS = "rxlab-toolbox/rxlab_toolbox.entitlements";
				CODE_SIGN_STYLE = Automatic;
				COMBINE_HIDPI_IMAGES = YES;
				CURRENT_PROJECT_VERSION = 1;
				DEVELOPMENT_ASSET_PATHS = "\"rxlab-toolbox/Preview Content\"";
				DEVELOPMENT_TEAM = P9KK452K8P;
				ENABLE_HARDENED_RUNTIME = YES;
				ENABLE_PREVIEWS = YES;
				GENERATE_INFOPLIST_FILE = YES;
				INFOPLIST_FILE = "rxlab-toolbox/Info.plist";
				INFOPLIST_KEY_CFBundleDisplayName = "Rxlab Toolbox";
				INFOPLIST_KEY_LSApplicationCategoryType = "public.app-category.developer-tools";
				INFOPLIST_KEY_NSHumanReadableCopyright = "";
				LD_RUNPATH_SEARCH_PATHS = (
					"$(inherited)",
					"@executable_path/../Frameworks",
				);
				MARKETING_VERSION = " ";
				PRODUCT_BUNDLE_IDENTIFIER = "rxlab.rxlab-toolbox";
				PRODUCT_NAME = "$(TARGET_NAME)";
				SWIFT_EMIT_LOC_STRINGS = YES;
				SWIFT_VERSION = 5.0;
			};
			name = Debug;
		};
		DFB14AC22CEC434B00B3A43B /* Release */ = {
			isa = XCBuildConfiguration;
			buildSettings = {
				ASSETCATALOG_COMPILER_APPICON_NAME = AppIcon;
				ASSETCATALOG_COMPILER_GLOBAL_ACCENT_COLOR_NAME = AccentColor;
				CODE_SIGN_ENTITLEMENTS = "rxlab-toolbox/rxlab_toolbox.entitlements";
				CODE_SIGN_STYLE = Automatic;
				COMBINE_HIDPI_IMAGES = YES;
				CURRENT_PROJECT_VERSION = 1;
				DEVELOPMENT_ASSET_PATHS = "\"rxlab-toolbox/Preview Content\"";
				DEVELOPMENT_TEAM = P9KK452K8P;
				ENABLE_HARDENED_RUNTIME = YES;
				ENABLE_PREVIEWS = YES;
				GENERATE_INFOPLIST_FILE = YES;
				INFOPLIST_FILE = "rxlab-toolbox/Info.plist";
				INFOPLIST_KEY_CFBundleDisplayName = "Rxlab Toolbox";
				INFOPLIST_KEY_LSApplicationCategoryType = "public.app-category.developer-tools";
				INFOPLIST_KEY_NSHumanReadableCopyright = "";
				LD_RUNPATH_SEARCH_PATHS = (
					"$(inherited)",
					"@executable_path/../Frameworks",
				);
				MARKETING_VERSION = " ";
				PRODUCT_BUNDLE_IDENTIFIER = "rxlab.rxlab-toolbox";
				PRODUCT_NAME = "$(TARGET_NAME)";
				SWIFT_EMIT_LOC_STRINGS = YES;
				SWIFT_VERSION = 5.0;
			};
			name = Release;
		};
		DFB14AC42CEC434B00B3A43B /* Debug */ = {
			isa = XCBuildConfiguration;
			buildSettings = {
				BUNDLE_LOADER = "$(TEST_HOST)";
				CODE_SIGN_STYLE = Automatic;
				CURRENT_PROJECT_VERSION = 1;
				DEVELOPMENT_TEAM = P9KK452K8P;
				GENERATE_INFOPLIST_FILE = YES;
				MACOSX_DEPLOYMENT_TARGET = 15.1;
				MARKETING_VERSION = 1.0;
				PRODUCT_BUNDLE_IDENTIFIER = "rxlab.rxlab-toolboxTests";
				PRODUCT_NAME = "$(TARGET_NAME)";
				SWIFT_EMIT_LOC_STRINGS = NO;
				SWIFT_VERSION = 5.0;
				TEST_HOST = "$(BUILT_PRODUCTS_DIR)/rxlab-toolbox.app/$(BUNDLE_EXECUTABLE_FOLDER_PATH)/rxlab-toolbox";
			};
			name = Debug;
		};
		DFB14AC52CEC434B00B3A43B /* Release */ = {
			isa = XCBuildConfiguration;
			buildSettings = {
				BUNDLE_LOADER = "$(TEST_HOST)";
				CODE_SIGN_STYLE = Automatic;
				CURRENT_PROJECT_VERSION = 1;
				DEVELOPMENT_TEAM = P9KK452K8P;
				GENERATE_INFOPLIST_FILE = YES;
				MACOSX_DEPLOYMENT_TARGET = 15.1;
				MARKETING_VERSION = 1.0;
				PRODUCT_BUNDLE_IDENTIFIER = "rxlab.rxlab-toolboxTests";
				PRODUCT_NAME = "$(TARGET_NAME)";
				SWIFT_EMIT_LOC_STRINGS = NO;
				SWIFT_VERSION = 5.0;
				TEST_HOST = "$(BUILT_PRODUCTS_DIR)/rxlab-toolbox.app/$(BUNDLE_EXECUTABLE_FOLDER_PATH)/rxlab-toolbox";
			};
			name = Release;
		};
		DFB14AC72CEC434B00B3A43B /* Debug */ = {
			isa = XCBuildConfiguration;
			buildSettings = {
				CODE_SIGN_STYLE = Automatic;
				CURRENT_PROJECT_VERSION = 1;
				DEVELOPMENT_TEAM = P9KK452K8P;
				GENERATE_INFOPLIST_FILE = YES;
				MARKETING_VERSION = 1.0;
				PRODUCT_BUNDLE_IDENTIFIER = "rxlab.rxlab-toolboxUITests";
				PRODUCT_NAME = "$(TARGET_NAME)";
				SWIFT_EMIT_LOC_STRINGS = NO;
				SWIFT_VERSION = 5.0;
				TEST_TARGET_NAME = "rxlab-toolbox";
			};
			name = Debug;
		};
		DFB14AC82CEC434B00B3A43B /* Release */ = {
			isa = XCBuildConfiguration;
			buildSettings = {
				CODE_SIGN_STYLE = Automatic;
				CURRENT_PROJECT_VERSION = 1;
				DEVELOPMENT_TEAM = P9KK452K8P;
				GENERATE_INFOPLIST_FILE = YES;
				MARKETING_VERSION = 1.0;
				PRODUCT_BUNDLE_IDENTIFIER = "rxlab.rxlab-toolboxUITests";
				PRODUCT_NAME = "$(TARGET_NAME)";
				SWIFT_EMIT_LOC_STRINGS = NO;
				SWIFT_VERSION = 5.0;
				TEST_TARGET_NAME = "rxlab-toolbox";
			};
			name = Release;
		};
/* End XCBuildConfiguration section */

/* Begin XCConfigurationList section */
		DFB14A962CEC434A00B3A43B /* Build configuration list for PBXProject "rxlab-toolbox" */ = {
			isa = XCConfigurationList;
			buildConfigurations = (
				DFB14ABE2CEC434B00B3A43B /* Debug */,
				DFB14ABF2CEC434B00B3A43B /* Release */,
			);
			defaultConfigurationIsVisible = 0;
			defaultConfigurationName = Release;
		};
		DFB14AC02CEC434B00B3A43B /* Build configuration list for PBXNativeTarget "rxlab-toolbox" */ = {
			isa = XCConfigurationList;
			buildConfigurations = (
				DFB14AC12CEC434B00B3A43B /* Debug */,
				DFB14AC22CEC434B00B3A43B /* Release */,
			);
			defaultConfigurationIsVisible = 0;
			defaultConfigurationName = Release;
		};
		DFB14AC32CEC434B00B3A43B /* Build configuration list for PBXNativeTarget "rxlab-toolboxTests" */ = {
			isa = XCConfigurationList;
			buildConfigurations = (
				DFB14AC42CEC434B00B3A43B /* Debug */,
				DFB14AC52CEC434B00B3A43B /* Release */,
			);
			defaultConfigurationIsVisible = 0;
			defaultConfigurationName = Release;
		};
		DFB14AC62CEC434B00B3A43B /* Build configuration list for PBXNativeTarget "rxlab-toolboxUITests" */ = {
			isa = XCConfigurationList;
			buildConfigurations = (
				DFB14AC72CEC434B00B3A43B /* Debug */,
				DFB14AC82CEC434B00B3A43B /* Release */,
			);
			defaultConfigurationIsVisible = 0;
			defaultConfigurationName = Release;
		};
/* End XCConfigurationList section */

/* Begin XCLocalSwiftPackageReference section */
		DF3742812CEDC67800AE561A /* XCLocalSwiftPackageReference "packages/Common" */ = {
			isa = XCLocalSwiftPackageReference;
			relativePath = packages/Common;
		};
		DF3742842CEDC68500AE561A /* XCLocalSwiftPackageReference "packages/TelegramAdapter" */ = {
			isa = XCLocalSwiftPackageReference;
			relativePath = packages/TelegramAdapter;
		};
/* End XCLocalSwiftPackageReference section */

/* Begin XCRemoteSwiftPackageReference section */
		DFAEA5FD2CEE3353004AB935 /* XCRemoteSwiftPackageReference "anycodable" */ = {
			isa = XCRemoteSwiftPackageReference;
			repositoryURL = "https://github.com/flight-school/anycodable.git";
			requirement = {
				kind = upToNextMajorVersion;
				minimumVersion = 0.6.7;
			};
		};
/* End XCRemoteSwiftPackageReference section */

/* Begin XCSwiftPackageProductDependency section */
		DF3742822CEDC67800AE561A /* Common */ = {
			isa = XCSwiftPackageProductDependency;
			productName = Common;
		};
		DF3742852CEDC68500AE561A /* TelegramAdapter */ = {
			isa = XCSwiftPackageProductDependency;
			productName = TelegramAdapter;
		};
		DFAEA5FE2CEE3353004AB935 /* AnyCodable */ = {
			isa = XCSwiftPackageProductDependency;
			package = DFAEA5FD2CEE3353004AB935 /* XCRemoteSwiftPackageReference "anycodable" */;
			productName = AnyCodable;
		};
/* End XCSwiftPackageProductDependency section */
	};
	rootObject = DFB14A932CEC434A00B3A43B /* Project object */;
}
